
Microsoft Visual Studio Solution File, Format Version 12.00
# Visual Studio Version 16
VisualStudioVersion = 16.0.30204.135
MinimumVisualStudioVersion = 10.0.40219.1
Project("{FAE04EC0-301F-11D3-BF4B-00C04F79EFBC}") = "logoprint", "logoprint\logoprint.csproj", "{3539A015-7A50-428B-868B-A43238B29D36}"
EndProject
Global
	GlobalSection(SolutionConfigurationPlatforms) = preSolution
		Debug|Any CPU = Debug|Any CPU
		Release|Any CPU = Release|Any CPU
	EndGlobalSection
	GlobalSection(ProjectConfigurationPlatforms) = postSolution
		{3539A015-7A50-428B-868B-A43238B29D36}.Debug|Any CPU.ActiveCfg = Debug|Any CPU
		{3539A015-7A50-428B-868B-A43238B29D36}.Debug|Any CPU.Build.0 = Debug|Any CPU
		{3539A015-7A50-428B-868B-A43238B29D36}.Release|Any CPU.ActiveCfg = Release|Any CPU
		{3539A015-7A50-428B-868B-A43238B29D36}.Release|Any CPU.Build.0 = Release|Any CPU
	EndGlobalSection
	GlobalSection(SolutionProperties) = preSolution
		HideSolutionNode = FALSE
	EndGlobalSection
	GlobalSection(ExtensibilityGlobals) = postSolution
		SolutionGuid = {2BC09F35-0004-41B4-9EC1-A0B682F4BC6E}
	EndGlobalSection
EndGlobal
